<?xml version="1.0" encoding="utf-8"?>
<Project ToolsVersion="4.0" xmlns="http://schemas.microsoft.com/developer/msbuild/2003">
  <ItemGroup>
    <Filter Include="Source Files">
      <UniqueIdentifier>{4FC737F1-C7A5-4376-A066-2A32D752A2FF}</UniqueIdentifier>
      <Extensions>cpp;c;cc;cxx;def;odl;idl;hpj;bat;asm;asmx</Extensions>
    </Filter>
    <Filter Include="Header Files">
      <UniqueIdentifier>{93995380-89BD-4b04-88EB-625FBE52EBFB}</UniqueIdentifier>
      <Extensions>h;hh;hpp;hxx;hm;inl;inc;xsd</Extensions>
    </Filter>
    <Filter Include="Resource Files">
      <UniqueIdentifier>{67DA6AB6-F800-4c08-8B7A-83BB121AAD01}</UniqueIdentifier>
      <Extensions>rc;ico;cur;bmp;dlg;rc2;rct;bin;rgs;gif;jpg;jpeg;jpe;resx;tiff;tif;png;wav;mfcribbon-ms</Extensions>
    </Filter>
  </ItemGroup>
  <ItemGroup>
    <ClCompile Include="Sources\main.cpp">
      <Filter>Source Files</Filter>
    </ClCompile>
    <ClCompile Include="Sources\MainWindow.cpp">
      <Filter>Source Files</Filter>
    </ClCompile>
    <ClCompile Include="Sources\Viewer.cpp">
      <Filter>Source Files</Filter>
    </ClCompile>
    <ClCompile Include="Sources\AssetCatalogue.cpp">
      <Filter>Source Files</Filter>
    </ClCompile>
    <ClCompile Include="Sources\BloomEffect.cpp">
      <Filter>Source Files</Filter>
    </ClCompile>
    <ClCompile Include="Sources\Camera.cpp">
      <Filter>Source Files</Filter>
    </ClCompile>
    <ClCompile Include="Sources\CatalogueUtils.cpp">
      <Filter>Source Files</Filter>
    </ClCompile>
    <ClCompile Include="Sources\Component.cpp">
      <Filter>Source Files</Filter>
    </ClCompile>
    <ClCompile Include="Sources\Cubemap.cpp">
      <Filter>Source Files</Filter>
    </ClCompile>
    <ClCompile Include="Sources\GameObject.cpp">
      <Filter>Source Files</Filter>
    </ClCompile>
    <ClCompile Include="Sources\GraphicsSystem.cpp">
      <Filter>Source Files</Filter>
    </ClCompile>
    <ClCompile Include="Sources\LightComponent.cpp">
      <Filter>Source Files</Filter>
    </ClCompile>
    <ClCompile Include="Sources\LightSystem.cpp">
      <Filter>Source Files</Filter>
    </ClCompile>
    <ClCompile Include="Sources\Material.cpp">
      <Filter>Source Files</Filter>
    </ClCompile>
    <ClCompile Include="Sources\MeshComponent.cpp">
      <Filter>Source Files</Filter>
    </ClCompile>
    <ClCompile Include="Sources\ModelLoading.cpp">
      <Filter>Source Files</Filter>
    </ClCompile>
    <ClCompile Include="Sources\Primitive.cpp">
      <Filter>Source Files</Filter>
    </ClCompile>
    <ClCompile Include="Sources\RendererComponent.cpp">
      <Filter>Source Files</Filter>
    </ClCompile>
    <ClCompile Include="Sources\Scene.cpp">
      <Filter>Source Files</Filter>
    </ClCompile>
    <ClCompile Include="Sources\Shader.cpp">
      <Filter>Source Files</Filter>
    </ClCompile>
    <ClCompile Include="Sources\ShaderLoading.cpp">
      <Filter>Source Files</Filter>
    </ClCompile>
    <ClCompile Include="Sources\SkyboxRenderer.cpp">
      <Filter>Source Files</Filter>
    </ClCompile>
    <ClCompile Include="Sources\TextureLoading.cpp">
      <Filter>Source Files</Filter>
    </ClCompile>
    <ClCompile Include="Sources\TransformComponent.cpp">
      <Filter>Source Files</Filter>
    </ClCompile>
  </ItemGroup>
  <ItemGroup>
    <ClInclude Include="Sources\IDrawer.h">
      <Filter>Header Files</Filter>
    </ClInclude>
    <ClInclude Include="Sources\MainWindow.h">
      <Filter>Header Files</Filter>
    </ClInclude>
    <ClInclude Include="Sources\Viewer.h">
      <Filter>Header Files</Filter>
    </ClInclude>
    <ClInclude Include="Sources\AssetCatalogue.h">
      <Filter>Source Files</Filter>
    </ClInclude>
    <ClInclude Include="Sources\BloomEffect.h">
      <Filter>Source Files</Filter>
    </ClInclude>
    <ClInclude Include="Sources\Camera.h">
      <Filter>Source Files</Filter>
    </ClInclude>
    <ClInclude Include="Sources\CatalogueUtils.h">
      <Filter>Source Files</Filter>
    </ClInclude>
    <ClInclude Include="Sources\Component.h">
      <Filter>Source Files</Filter>
    </ClInclude>
    <ClInclude Include="Sources\Cubemap.hpp">
      <Filter>Source Files</Filter>
    </ClInclude>
    <ClInclude Include="Sources\GameObject.h">
      <Filter>Source Files</Filter>
    </ClInclude>
    <ClInclude Include="Sources\GraphicsSystem.h">
      <Filter>Source Files</Filter>
    </ClInclude>
    <ClInclude Include="Sources\LightComponent.h">
      <Filter>Source Files</Filter>
    </ClInclude>
    <ClInclude Include="Sources\LightSystem.h">
      <Filter>Source Files</Filter>
    </ClInclude>
    <ClInclude Include="Sources\Material.h">
      <Filter>Source Files</Filter>
    </ClInclude>
    <ClInclude Include="Sources\Mesh.hpp">
      <Filter>Source Files</Filter>
    </ClInclude>
    <ClInclude Include="Sources\MeshComponent.h">
      <Filter>Source Files</Filter>
    </ClInclude>
    <ClInclude Include="Sources\Model.hpp">
      <Filter>Source Files</Filter>
    </ClInclude>
    <ClInclude Include="Sources\ModelLoading.h">
      <Filter>Source Files</Filter>
    </ClInclude>
    <ClInclude Include="Sources\Primitive.h">
      <Filter>Source Files</Filter>
    </ClInclude>
    <ClInclude Include="Sources\RendererComponent.h">
      <Filter>Source Files</Filter>
    </ClInclude>
    <ClInclude Include="Sources\Scene.h">
      <Filter>Source Files</Filter>
    </ClInclude>
    <ClInclude Include="Sources\Shader.h">
      <Filter>Source Files</Filter>
    </ClInclude>
    <ClInclude Include="Sources\ShaderLoading.h">
      <Filter>Source Files</Filter>
    </ClInclude>
    <ClInclude Include="Sources\SkyboxRenderer.h">
      <Filter>Source Files</Filter>
    </ClInclude>
    <ClInclude Include="Sources\Texture.hpp">
      <Filter>Source Files</Filter>
    </ClInclude>
    <ClInclude Include="Sources\TextureLoading.h">
      <Filter>Source Files</Filter>
    </ClInclude>
    <ClInclude Include="Sources\TransformComponent.h">
      <Filter>Source Files</Filter>
    </ClInclude>
    <ClInclude Include="Sources\Vertex.hpp">
      <Filter>Source Files</Filter>
    </ClInclude>
  </ItemGroup>
</Project>